// !$*UTF8*$!
{
	archiveVersion = 1;
	classes = {
	};
	objectVersion = 46;
	objects = {

/* Begin PBXBuildFile section */
		BBE7B02E1F66144300CCBF0F /* AppDelegate.swift in Sources */ = {isa = PBXBuildFile; fileRef = BBE7B02D1F66144300CCBF0F /* AppDelegate.swift */; };
		BBE7B0301F66144300CCBF0F /* ViewController.swift in Sources */ = {isa = PBXBuildFile; fileRef = BBE7B02F1F66144300CCBF0F /* ViewController.swift */; };
		BBE7B0331F66144300CCBF0F /* Main.storyboard in Resources */ = {isa = PBXBuildFile; fileRef = BBE7B0311F66144300CCBF0F /* Main.storyboard */; };
		BBE7B0351F66144300CCBF0F /* Assets.xcassets in Resources */ = {isa = PBXBuildFile; fileRef = BBE7B0341F66144300CCBF0F /* Assets.xcassets */; };
		BBE7B0381F66144300CCBF0F /* LaunchScreen.storyboard in Resources */ = {isa = PBXBuildFile; fileRef = BBE7B0361F66144300CCBF0F /* LaunchScreen.storyboard */; };
		BBE7B05F1F66163A00CCBF0F /* shopify.json in Resources */ = {isa = PBXBuildFile; fileRef = BBE7B05E1F66163A00CCBF0F /* shopify.json */; };
		CC6996C26C5F11038E8E7418 /* Pods_ShopifyMobDev.framework in Frameworks */ = {isa = PBXBuildFile; fileRef = 2C6EC1CDA7F3DA7283EDC1A9 /* Pods_ShopifyMobDev.framework */; };
/* End PBXBuildFile section */

/* Begin PBXContainerItemProxy section */
		BBE7B03F1F66144300CCBF0F /* PBXContainerItemProxy */ = {
			isa = PBXContainerItemProxy;
			containerPortal = BBE7B0221F66144300CCBF0F /* Project object */;
			proxyType = 1;
			remoteGlobalIDString = BBE7B0291F66144300CCBF0F;
			remoteInfo = ShopifyMobDev;
		};
		BBE7B04A1F66144300CCBF0F /* PBXContainerItemProxy */ = {
			isa = PBXContainerItemProxy;
			containerPortal = BBE7B0221F66144300CCBF0F /* Project object */;
			proxyType = 1;
			remoteGlobalIDString = BBE7B0291F66144300CCBF0F;
			remoteInfo = ShopifyMobDev;
		};
/* End PBXContainerItemProxy section */

/* Begin PBXFileReference section */
		2C6EC1CDA7F3DA7283EDC1A9 /* Pods_ShopifyMobDev.framework */ = {isa = PBXFileReference; explicitFileType = wrapper.framework; includeInIndex = 0; path = Pods_ShopifyMobDev.framework; sourceTree = BUILT_PRODUCTS_DIR; };
		BBE7B02A1F66144300CCBF0F /* ShopifyMobDev.app */ = {isa = PBXFileReference; explicitFileType = wrapper.application; includeInIndex = 0; path = ShopifyMobDev.app; sourceTree = BUILT_PRODUCTS_DIR; };
		BBE7B02D1F66144300CCBF0F /* AppDelegate.swift */ = {isa = PBXFileReference; lastKnownFileType = sourcecode.swift; path = AppDelegate.swift; sourceTree = "<group>"; };
		BBE7B02F1F66144300CCBF0F /* ViewController.swift */ = {isa = PBXFileReference; lastKnownFileType = sourcecode.swift; path = ViewController.swift; sourceTree = "<group>"; };
		BBE7B0321F66144300CCBF0F /* Base */ = {isa = PBXFileReference; lastKnownFileType = file.storyboard; name = Base; path = Base.lproj/Main.storyboard; sourceTree = "<group>"; };
		BBE7B0341F66144300CCBF0F /* Assets.xcassets */ = {isa = PBXFileReference; lastKnownFileType = folder.assetcatalog; path = Assets.xcassets; sourceTree = "<group>"; };
		BBE7B0371F66144300CCBF0F /* Base */ = {isa = PBXFileReference; lastKnownFileType = file.storyboard; name = Base; path = Base.lproj/LaunchScreen.storyboard; sourceTree = "<group>"; };
		BBE7B0391F66144300CCBF0F /* Info.plist */ = {isa = PBXFileReference; lastKnownFileType = text.plist.xml; path = Info.plist; sourceTree = "<group>"; };
		BBE7B03E1F66144300CCBF0F /* ShopifyMobDevTests.xctest */ = {isa = PBXFileReference; explicitFileType = wrapper.cfbundle; includeInIndex = 0; path = ShopifyMobDevTests.xctest; sourceTree = BUILT_PRODUCTS_DIR; };
		BBE7B0491F66144300CCBF0F /* ShopifyMobDevUITests.xctest */ = {isa = PBXFileReference; explicitFileType = wrapper.cfbundle; includeInIndex = 0; path = ShopifyMobDevUITests.xctest; sourceTree = BUILT_PRODUCTS_DIR; };
		BBE7B05E1F66163A00CCBF0F /* shopify.json */ = {isa = PBXFileReference; fileEncoding = 4; lastKnownFileType = text.json; path = shopify.json; sourceTree = "<group>"; };
		D4FB885BDE9F1FAE04B868FB /* Pods-ShopifyMobDev.debug.xcconfig */ = {isa = PBXFileReference; includeInIndex = 1; lastKnownFileType = text.xcconfig; name = "Pods-ShopifyMobDev.debug.xcconfig"; path = "Pods/Target Support Files/Pods-ShopifyMobDev/Pods-ShopifyMobDev.debug.xcconfig"; sourceTree = "<group>"; };
		F0CB2997BE6256DEB932390A /* Pods-ShopifyMobDev.release.xcconfig */ = {isa = PBXFileReference; includeInIndex = 1; lastKnownFileType = text.xcconfig; name = "Pods-ShopifyMobDev.release.xcconfig"; path = "Pods/Target Support Files/Pods-ShopifyMobDev/Pods-ShopifyMobDev.release.xcconfig"; sourceTree = "<group>"; };
/* End PBXFileReference section */

/* Begin PBXFrameworksBuildPhase section */
		BBE7B0271F66144300CCBF0F /* Frameworks */ = {
			isa = PBXFrameworksBuildPhase;
			buildActionMask = 2147483647;
			files = (
				CC6996C26C5F11038E8E7418 /* Pods_ShopifyMobDev.framework in Frameworks */,
			);
			runOnlyForDeploymentPostprocessing = 0;
		};
		BBE7B03B1F66144300CCBF0F /* Frameworks */ = {
			isa = PBXFrameworksBuildPhase;
			buildActionMask = 2147483647;
			files = (
			);
			runOnlyForDeploymentPostprocessing = 0;
		};
		BBE7B0461F66144300CCBF0F /* Frameworks */ = {
			isa = PBXFrameworksBuildPhase;
			buildActionMask = 2147483647;
			files = (
			);
			runOnlyForDeploymentPostprocessing = 0;
		};
/* End PBXFrameworksBuildPhase section */

/* Begin PBXGroup section */
		A5E753F201C21BBC8C1EDA20 /* Pods */ = {
			isa = PBXGroup;
			children = (
				D4FB885BDE9F1FAE04B868FB /* Pods-ShopifyMobDev.debug.xcconfig */,
				F0CB2997BE6256DEB932390A /* Pods-ShopifyMobDev.release.xcconfig */,
			);
			name = Pods;
			sourceTree = "<group>";
		};
		AE897DB392182CD8A4692FC7 /* Frameworks */ = {
			isa = PBXGroup;
			children = (
				2C6EC1CDA7F3DA7283EDC1A9 /* Pods_ShopifyMobDev.framework */,
			);
			name = Frameworks;
			sourceTree = "<group>";
		};
		BBE7B0211F66144300CCBF0F = {
			isa = PBXGroup;
			children = (
				BBE7B02C1F66144300CCBF0F /* ShopifyMobDev */,
				BBE7B02B1F66144300CCBF0F /* Products */,
				A5E753F201C21BBC8C1EDA20 /* Pods */,
				AE897DB392182CD8A4692FC7 /* Frameworks */,
			);
			sourceTree = "<group>";
		};
		BBE7B02B1F66144300CCBF0F /* Products */ = {
			isa = PBXGroup;
			children = (
				BBE7B02A1F66144300CCBF0F /* ShopifyMobDev.app */,
				BBE7B03E1F66144300CCBF0F /* ShopifyMobDevTests.xctest */,
				BBE7B0491F66144300CCBF0F /* ShopifyMobDevUITests.xctest */,
			);
			name = Products;
			sourceTree = "<group>";
		};
		BBE7B02C1F66144300CCBF0F /* ShopifyMobDev */ = {
			isa = PBXGroup;
			children = (
				BBE7B02D1F66144300CCBF0F /* AppDelegate.swift */,
				BBE7B02F1F66144300CCBF0F /* ViewController.swift */,
				BBE7B0311F66144300CCBF0F /* Main.storyboard */,
				BBE7B0341F66144300CCBF0F /* Assets.xcassets */,
				BBE7B0361F66144300CCBF0F /* LaunchScreen.storyboard */,
				BBE7B0391F66144300CCBF0F /* Info.plist */,
				BBE7B05D1F6615F900CCBF0F /* JSON */,
			);
			path = ShopifyMobDev;
			sourceTree = "<group>";
		};
		BBE7B05D1F6615F900CCBF0F /* JSON */ = {
			isa = PBXGroup;
			children = (
				BBE7B05E1F66163A00CCBF0F /* shopify.json */,
			);
			name = JSON;
			sourceTree = "<group>";
		};
/* End PBXGroup section */

/* Begin PBXNativeTarget section */
		BBE7B0291F66144300CCBF0F /* ShopifyMobDev */ = {
			isa = PBXNativeTarget;
			buildConfigurationList = BBE7B0521F66144300CCBF0F /* Build configuration list for PBXNativeTarget "ShopifyMobDev" */;
			buildPhases = (
				B475ADCF9A106F5DA22298A2 /* [CP] Check Pods Manifest.lock */,
				BBE7B0261F66144300CCBF0F /* Sources */,
				BBE7B0271F66144300CCBF0F /* Frameworks */,
				BBE7B0281F66144300CCBF0F /* Resources */,
				215EB8F103350EF971902B01 /* [CP] Embed Pods Frameworks */,
				8A817BD31045413870470173 /* [CP] Copy Pods Resources */,
			);
			buildRules = (
			);
			dependencies = (
			);
			name = ShopifyMobDev;
			productName = ShopifyMobDev;
			productReference = BBE7B02A1F66144300CCBF0F /* ShopifyMobDev.app */;
			productType = "com.apple.product-type.application";
		};
		BBE7B03D1F66144300CCBF0F /* ShopifyMobDevTests */ = {
			isa = PBXNativeTarget;
			buildConfigurationList = BBE7B0551F66144300CCBF0F /* Build configuration list for PBXNativeTarget "ShopifyMobDevTests" */;
			buildPhases = (
				BBE7B03A1F66144300CCBF0F /* Sources */,
				BBE7B03B1F66144300CCBF0F /* Frameworks */,
				BBE7B03C1F66144300CCBF0F /* Resources */,
			);
			buildRules = (
			);
			dependencies = (
				BBE7B0401F66144300CCBF0F /* PBXTargetDependency */,
			);
			name = ShopifyMobDevTests;
			productName = ShopifyMobDevTests;
			productReference = BBE7B03E1F66144300CCBF0F /* ShopifyMobDevTests.xctest */;
			productType = "com.apple.product-type.bundle.unit-test";
		};
		BBE7B0481F66144300CCBF0F /* ShopifyMobDevUITests */ = {
			isa = PBXNativeTarget;
			buildConfigurationList = BBE7B0581F66144300CCBF0F /* Build configuration list for PBXNativeTarget "ShopifyMobDevUITests" */;
			buildPhases = (
				BBE7B0451F66144300CCBF0F /* Sources */,
				BBE7B0461F66144300CCBF0F /* Frameworks */,
				BBE7B0471F66144300CCBF0F /* Resources */,
			);
			buildRules = (
			);
			dependencies = (
				BBE7B04B1F66144300CCBF0F /* PBXTargetDependency */,
			);
			name = ShopifyMobDevUITests;
			productName = ShopifyMobDevUITests;
			productReference = BBE7B0491F66144300CCBF0F /* ShopifyMobDevUITests.xctest */;
			productType = "com.apple.product-type.bundle.ui-testing";
		};
/* End PBXNativeTarget section */

/* Begin PBXProject section */
		BBE7B0221F66144300CCBF0F /* Project object */ = {
			isa = PBXProject;
			attributes = {
				LastSwiftUpdateCheck = 0830;
				LastUpgradeCheck = 0830;
				ORGANIZATIONNAME = "Hannah Lin";
				TargetAttributes = {
					BBE7B0291F66144300CCBF0F = {
						CreatedOnToolsVersion = 8.3.3;
						DevelopmentTeam = L77E887VX5;
						ProvisioningStyle = Automatic;
					};
					BBE7B03D1F66144300CCBF0F = {
						CreatedOnToolsVersion = 8.3.3;
						DevelopmentTeam = L77E887VX5;
						ProvisioningStyle = Automatic;
						TestTargetID = BBE7B0291F66144300CCBF0F;
					};
					BBE7B0481F66144300CCBF0F = {
						CreatedOnToolsVersion = 8.3.3;
						DevelopmentTeam = L77E887VX5;
						ProvisioningStyle = Automatic;
						TestTargetID = BBE7B0291F66144300CCBF0F;
					};
				};
			};
			buildConfigurationList = BBE7B0251F66144300CCBF0F /* Build configuration list for PBXProject "ShopifyMobDev" */;
			compatibilityVersion = "Xcode 3.2";
			developmentRegion = English;
			hasScannedForEncodings = 0;
			knownRegions = (
				en,
				Base,
			);
			mainGroup = BBE7B0211F66144300CCBF0F;
			productRefGroup = BBE7B02B1F66144300CCBF0F /* Products */;
			projectDirPath = "";
			projectRoot = "";
			targets = (
				BBE7B0291F66144300CCBF0F /* ShopifyMobDev */,
				BBE7B03D1F66144300CCBF0F /* ShopifyMobDevTests */,
				BBE7B0481F66144300CCBF0F /* ShopifyMobDevUITests */,
			);
		};
/* End PBXProject section */

/* Begin PBXResourcesBuildPhase section */
		BBE7B0281F66144300CCBF0F /* Resources */ = {
			isa = PBXResourcesBuildPhase;
			buildActionMask = 2147483647;
			files = (
				BBE7B0381F66144300CCBF0F /* LaunchScreen.storyboard in Resources */,
				BBE7B0351F66144300CCBF0F /* Assets.xcassets in Resources */,
				BBE7B05F1F66163A00CCBF0F /* shopify.json in Resources */,
				BBE7B0331F66144300CCBF0F /* Main.storyboard in Resources */,
			);
			runOnlyForDeploymentPostprocessing = 0;
		};
		BBE7B03C1F66144300CCBF0F /* Resources */ = {
			isa = PBXResourcesBuildPhase;
			buildActionMask = 2147483647;
			files = (
			);
			runOnlyForDeploymentPostprocessing = 0;
		};
		BBE7B0471F66144300CCBF0F /* Resources */ = {
			isa = PBXResourcesBuildPhase;
			buildActionMask = 2147483647;
			files = (
			);
			runOnlyForDeploymentPostprocessing = 0;
		};
/* End PBXResourcesBuildPhase section */

/* Begin PBXShellScriptBuildPhase section */
		215EB8F103350EF971902B01 /* [CP] Embed Pods Frameworks */ = {
			isa = PBXShellScriptBuildPhase;
			buildActionMask = 2147483647;
			files = (
			);
			inputPaths = (
				"${SRCROOT}/Pods/Target Support Files/Pods-ShopifyMobDev/Pods-ShopifyMobDev-frameworks.sh",
				"${BUILT_PRODUCTS_DIR}/SwiftyJSON/SwiftyJSON.framework",
			);
			name = "[CP] Embed Pods Frameworks";
			outputPaths = (
				"${TARGET_BUILD_DIR}/${FRAMEWORKS_FOLDER_PATH}/SwiftyJSON.framework",
			);
			runOnlyForDeploymentPostprocessing = 0;
			shellPath = /bin/sh;
			shellScript = "\"${SRCROOT}/Pods/Target Support Files/Pods-ShopifyMobDev/Pods-ShopifyMobDev-frameworks.sh\"\n";
			showEnvVarsInLog = 0;
		};
		8A817BD31045413870470173 /* [CP] Copy Pods Resources */ = {
			isa = PBXShellScriptBuildPhase;
			buildActionMask = 2147483647;
			files = (
			);
			inputPaths = (
			);
			name = "[CP] Copy Pods Resources";
			outputPaths = (
			);
			runOnlyForDeploymentPostprocessing = 0;
			shellPath = /bin/sh;
			shellScript = "\"${SRCROOT}/Pods/Target Support Files/Pods-ShopifyMobDev/Pods-ShopifyMobDev-resources.sh\"\n";
			showEnvVarsInLog = 0;
		};
		B475ADCF9A106F5DA22298A2 /* [CP] Check Pods Manifest.lock */ = {
			isa = PBXShellScriptBuildPhase;
			buildActionMask = 2147483647;
			files = (
			);
			inputPaths = (
				"${PODS_PODFILE_DIR_PATH}/Podfile.lock",
				"${PODS_ROOT}/Manifest.lock",
			);
			name = "[CP] Check Pods Manifest.lock";
			outputPaths = (
				"$(DERIVED_FILE_DIR)/Pods-ShopifyMobDev-checkManifestLockResult.txt",
			);
			runOnlyForDeploymentPostprocessing = 0;
			shellPath = /bin/sh;
			shellScript = "diff \"${PODS_PODFILE_DIR_PATH}/Podfile.lock\" \"${PODS_ROOT}/Manifest.lock\" > /dev/null\nif [ $? != 0 ] ; then\n    # print error to STDERR\n    echo \"error: The sandbox is not in sync with the Podfile.lock. Run 'pod install' or update your CocoaPods installation.\" >&2\n    exit 1\nfi\n# This output is used by Xcode 'outputs' to avoid re-running this script phase.\necho \"SUCCESS\" > \"${SCRIPT_OUTPUT_FILE_0}\"\n";
			showEnvVarsInLog = 0;
		};
/* End PBXShellScriptBuildPhase section */

/* Begin PBXSourcesBuildPhase section */
		BBE7B0261F66144300CCBF0F /* Sources */ = {
			isa = PBXSourcesBuildPhase;
			buildActionMask = 2147483647;
			files = (
				BBE7B0301F66144300CCBF0F /* ViewController.swift in Sources */,
				BBE7B02E1F66144300CCBF0F /* AppDelegate.swift in Sources */,
			);
			runOnlyForDeploymentPostprocessing = 0;
		};
		BBE7B03A1F66144300CCBF0F /* Sources */ = {
			isa = PBXSourcesBuildPhase;
			buildActionMask = 2147483647;
			files = (
			);
			runOnlyForDeploymentPostprocessing = 0;
		};
		BBE7B0451F66144300CCBF0F /* Sources */ = {
			isa = PBXSourcesBuildPhase;
			buildActionMask = 2147483647;
			files = (
			);
			runOnlyForDeploymentPostprocessing = 0;
		};
/* End PBXSourcesBuildPhase section */

/* Begin PBXTargetDependency section */
		BBE7B0401F66144300CCBF0F /* PBXTargetDependency */ = {
			isa = PBXTargetDependency;
			target = BBE7B0291F66144300CCBF0F /* ShopifyMobDev */;
			targetProxy = BBE7B03F1F66144300CCBF0F /* PBXContainerItemProxy */;
		};
		BBE7B04B1F66144300CCBF0F /* PBXTargetDependency */ = {
			isa = PBXTargetDependency;
			target = BBE7B0291F66144300CCBF0F /* ShopifyMobDev */;
			targetProxy = BBE7B04A1F66144300CCBF0F /* PBXContainerItemProxy */;
		};
/* End PBXTargetDependency section */

/* Begin PBXVariantGroup section */
		BBE7B0311F66144300CCBF0F /* Main.storyboard */ = {
			isa = PBXVariantGroup;
			children = (
				BBE7B0321F66144300CCBF0F /* Base */,
			);
			name = Main.storyboard;
			sourceTree = "<group>";
		};
		BBE7B0361F66144300CCBF0F /* LaunchScreen.storyboard */ = {
			isa = PBXVariantGroup;
			children = (
				BBE7B0371F66144300CCBF0F /* Base */,
			);
			name = LaunchScreen.storyboard;
			sourceTree = "<group>";
		};
/* End PBXVariantGroup section */

/* Begin XCBuildConfiguration section */
		BBE7B0501F66144300CCBF0F /* Debug */ = {
			isa = XCBuildConfiguration;
			buildSettings = {
				ALWAYS_SEARCH_USER_PATHS = NO;
				CLANG_ANALYZER_NONNULL = YES;
				CLANG_ANALYZER_NUMBER_OBJECT_CONVERSION = YES_AGGRESSIVE;
				CLANG_CXX_LANGUAGE_STANDARD = "gnu++0x";
				CLANG_CXX_LIBRARY = "libc++";
				CLANG_ENABLE_MODULES = YES;
				CLANG_ENABLE_OBJC_ARC = YES;
				CLANG_WARN_BOOL_CONVERSION = YES;
				CLANG_WARN_CONSTANT_CONVERSION = YES;
				CLANG_WARN_DIRECT_OBJC_ISA_USAGE = YES_ERROR;
				CLANG_WARN_DOCUMENTATION_COMMENTS = YES;
				CLANG_WARN_EMPTY_BODY = YES;
				CLANG_WARN_ENUM_CONVERSION = YES;
				CLANG_WARN_INFINITE_RECURSION = YES;
				CLANG_WARN_INT_CONVERSION = YES;
				CLANG_WARN_OBJC_ROOT_CLASS = YES_ERROR;
				CLANG_WARN_SUSPICIOUS_MOVE = YES;
				CLANG_WARN_UNREACHABLE_CODE = YES;
				CLANG_WARN__DUPLICATE_METHOD_MATCH = YES;
				"CODE_SIGN_IDENTITY[sdk=iphoneos*]" = "iPhone Developer";
				COPY_PHASE_STRIP = NO;
				DEBUG_INFORMATION_FORMAT = dwarf;
				ENABLE_STRICT_OBJC_MSGSEND = YES;
				ENABLE_TESTABILITY = YES;
				GCC_C_LANGUAGE_STANDARD = gnu99;
				GCC_DYNAMIC_NO_PIC = NO;
				GCC_NO_COMMON_BLOCKS = YES;
				GCC_OPTIMIZATION_LEVEL = 0;
				GCC_PREPROCESSOR_DEFINITIONS = (
					"DEBUG=1",
					"$(inherited)",
				);
				GCC_WARN_64_TO_32_BIT_CONVERSION = YES;
				GCC_WARN_ABOUT_RETURN_TYPE = YES_ERROR;
				GCC_WARN_UNDECLARED_SELECTOR = YES;
				GCC_WARN_UNINITIALIZED_AUTOS = YES_AGGRESSIVE;
				GCC_WARN_UNUSED_FUNCTION = YES;
				GCC_WARN_UNUSED_VARIABLE = YES;
				IPHONEOS_DEPLOYMENT_TARGET = 10.3;
				MTL_ENABLE_DEBUG_INFO = YES;
				ONLY_ACTIVE_ARCH = YES;
				SDKROOT = iphoneos;
				SWIFT_ACTIVE_COMPILATION_CONDITIONS = DEBUG;
				SWIFT_OPTIMIZATION_LEVEL = "-Onone";
				TARGETED_DEVICE_FAMILY = "1,2";
			};
			name = Debug;
		};
		BBE7B0511F66144300CCBF0F /* Release */ = {
			isa = XCBuildConfiguration;
			buildSettings = {
				ALWAYS_SEARCH_USER_PATHS = NO;
				CLANG_ANALYZER_NONNULL = YES;
				CLANG_ANALYZER_NUMBER_OBJECT_CONVERSION = YES_AGGRESSIVE;
				CLANG_CXX_LANGUAGE_STANDARD = "gnu++0x";
				CLANG_CXX_LIBRARY = "libc++";
				CLANG_ENABLE_MODULES = YES;
				CLANG_ENABLE_OBJC_ARC = YES;
				CLANG_WARN_BOOL_CONVERSION = YES;
				CLANG_WARN_CONSTANT_CONVERSION = YES;
				CLANG_WARN_DIRECT_OBJC_ISA_USAGE = YES_ERROR;
				CLANG_WARN_DOCUMENTATION_COMMENTS = YES;
				CLANG_WARN_EMPTY_BODY = YES;
				CLANG_WARN_ENUM_CONVERSION = YES;
				CLANG_WARN_INFINITE_RECURSION = YES;
				CLANG_WARN_INT_CONVERSION = YES;
				CLANG_WARN_OBJC_ROOT_CLASS = YES_ERROR;
				CLANG_WARN_SUSPICIOUS_MOVE = YES;
				CLANG_WARN_UNREACHABLE_CODE = YES;
				CLANG_WARN__DUPLICATE_METHOD_MATCH = YES;
				"CODE_SIGN_IDENTITY[sdk=iphoneos*]" = "iPhone Developer";
				COPY_PHASE_STRIP = NO;
				DEBUG_INFORMATION_FORMAT = "dwarf-with-dsym";
				ENABLE_NS_ASSERTIONS = NO;
				ENABLE_STRICT_OBJC_MSGSEND = YES;
				GCC_C_LANGUAGE_STANDARD = gnu99;
				GCC_NO_COMMON_BLOCKS = YES;
				GCC_WARN_64_TO_32_BIT_CONVERSION = YES;
				GCC_WARN_ABOUT_RETURN_TYPE = YES_ERROR;
				GCC_WARN_UNDECLARED_SELECTOR = YES;
				GCC_WARN_UNINITIALIZED_AUTOS = YES_AGGRESSIVE;
				GCC_WARN_UNUSED_FUNCTION = YES;
				GCC_WARN_UNUSED_VARIABLE = YES;
				IPHONEOS_DEPLOYMENT_TARGET = 10.3;
				MTL_ENABLE_DEBUG_INFO = NO;
				SDKROOT = iphoneos;
				SWIFT_OPTIMIZATION_LEVEL = "-Owholemodule";
				TARGETED_DEVICE_FAMILY = "1,2";
				VALIDATE_PRODUCT = YES;
			};
			name = Release;
		};
		BBE7B0531F66144300CCBF0F /* Debug */ = {
			isa = XCBuildConfiguration;
			baseConfigurationReference = D4FB885BDE9F1FAE04B868FB /* Pods-ShopifyMobDev.debug.xcconfig */;
			buildSettings = {
				ASSETCATALOG_COMPILER_APPICON_NAME = AppIcon;
				DEVELOPMENT_TEAM = L77E887VX5;
				INFOPLIST_FILE = ShopifyMobDev/Info.plist;
				LD_RUNPATH_SEARCH_PATHS = "$(inherited) @executable_path/Frameworks";
				PRODUCT_BUNDLE_IDENTIFIER = com.hxqlin.ShopifyMobDev;
				PRODUCT_NAME = "$(TARGET_NAME)";
				SWIFT_VERSION = 3.0;
			};
			name = Debug;
		};
		BBE7B0541F66144300CCBF0F /* Release */ = {
			isa = XCBuildConfiguration;
			baseConfigurationReference = F0CB2997BE6256DEB932390A /* Pods-ShopifyMobDev.release.xcconfig */;
			buildSettings = {
				ASSETCATALOG_COMPILER_APPICON_NAME = AppIcon;
				DEVELOPMENT_TEAM = L77E887VX5;
				INFOPLIST_FILE = ShopifyMobDev/Info.plist;
				LD_RUNPATH_SEARCH_PATHS = "$(inherited) @executable_path/Frameworks";
				PRODUCT_BUNDLE_IDENTIFIER = com.hxqlin.ShopifyMobDev;
				PRODUCT_NAME = "$(TARGET_NAME)";
				SWIFT_VERSION = 3.0;
			};
			name = Release;
		};
		BBE7B0561F66144300CCBF0F /* Debug */ = {
			isa = XCBuildConfiguration;
			buildSettings = {
				ALWAYS_EMBED_SWIFT_STANDARD_LIBRARIES = YES;
				BUNDLE_LOADER = "$(TEST_HOST)";
				DEVELOPMENT_TEAM = L77E887VX5;
				INFOPLIST_FILE = ShopifyMobDevTests/Info.plist;
				LD_RUNPATH_SEARCH_PATHS = "$(inherited) @executable_path/Frameworks @loader_path/Frameworks";
				PRODUCT_BUNDLE_IDENTIFIER = com.hxqlin.ShopifyMobDevTests;
				PRODUCT_NAME = "$(TARGET_NAME)";
				SWIFT_VERSION = 3.0;
				TEST_HOST = "$(BUILT_PRODUCTS_DIR)/ShopifyMobDev.app/ShopifyMobDev";
			};
			name = Debug;
		};
		BBE7B0571F66144300CCBF0F /* Release */ = {
			isa = XCBuildConfiguration;
			buildSettings = {
				ALWAYS_EMBED_SWIFT_STANDARD_LIBRARIES = YES;
				BUNDLE_LOADER = "$(TEST_HOST)";
				DEVELOPMENT_TEAM = L77E887VX5;
				INFOPLIST_FILE = ShopifyMobDevTests/Info.plist;
				LD_RUNPATH_SEARCH_PATHS = "$(inherited) @executable_path/Frameworks @loader_path/Frameworks";
				PRODUCT_BUNDLE_IDENTIFIER = com.hxqlin.ShopifyMobDevTests;
				PRODUCT_NAME = "$(TARGET_NAME)";
				SWIFT_VERSION = 3.0;
				TEST_HOST = "$(BUILT_PRODUCTS_DIR)/ShopifyMobDev.app/ShopifyMobDev";
			};
			name = Release;
		};
		BBE7B0591F66144300CCBF0F /* Debug */ = {
			isa = XCBuildConfiguration;
			buildSettings = {
				ALWAYS_EMBED_SWIFT_STANDARD_LIBRARIES = YES;
				DEVELOPMENT_TEAM = L77E887VX5;
				INFOPLIST_FILE = ShopifyMobDevUITests/Info.plist;
				LD_RUNPATH_SEARCH_PATHS = "$(inherited) @executable_path/Frameworks @loader_path/Frameworks";
				PRODUCT_BUNDLE_IDENTIFIER = com.hxqlin.ShopifyMobDevUITests;
				PRODUCT_NAME = "$(TARGET_NAME)";
				SWIFT_VERSION = 3.0;
				TEST_TARGET_NAME = ShopifyMobDev;
			};
			name = Debug;
		};
		BBE7B05A1F66144300CCBF0F /* Release */ = {
			isa = XCBuildConfiguration;
			buildSettings = {
				ALWAYS_EMBED_SWIFT_STANDARD_LIBRARIES = YES;
				DEVELOPMENT_TEAM = L77E887VX5;
				INFOPLIST_FILE = ShopifyMobDevUITests/Info.plist;
				LD_RUNPATH_SEARCH_PATHS = "$(inherited) @executable_path/Frameworks @loader_path/Frameworks";
				PRODUCT_BUNDLE_IDENTIFIER = com.hxqlin.ShopifyMobDevUITests;
				PRODUCT_NAME = "$(TARGET_NAME)";
				SWIFT_VERSION = 3.0;
				TEST_TARGET_NAME = ShopifyMobDev;
			};
			name = Release;
		};
/* End XCBuildConfiguration section */

/* Begin XCConfigurationList section */
		BBE7B0251F66144300CCBF0F /* Build configuration list for PBXProject "ShopifyMobDev" */ = {
			isa = XCConfigurationList;
			buildConfigurations = (
				BBE7B0501F66144300CCBF0F /* Debug */,
				BBE7B0511F66144300CCBF0F /* Release */,
			);
			defaultConfigurationIsVisible = 0;
			defaultConfigurationName = Release;
		};
		BBE7B0521F66144300CCBF0F /* Build configuration list for PBXNativeTarget "ShopifyMobDev" */ = {
			isa = XCConfigurationList;
			buildConfigurations = (
				BBE7B0531F66144300CCBF0F /* Debug */,
				BBE7B0541F66144300CCBF0F /* Release */,
			);
			defaultConfigurationIsVisible = 0;
			defaultConfigurationName = Release;
		};
		BBE7B0551F66144300CCBF0F /* Build configuration list for PBXNativeTarget "ShopifyMobDevTests" */ = {
			isa = XCConfigurationList;
			buildConfigurations = (
				BBE7B0561F66144300CCBF0F /* Debug */,
				BBE7B0571F66144300CCBF0F /* Release */,
			);
			defaultConfigurationIsVisible = 0;
			defaultConfigurationName = Release;
		};
		BBE7B0581F66144300CCBF0F /* Build configuration list for PBXNativeTarget "ShopifyMobDevUITests" */ = {
			isa = XCConfigurationList;
			buildConfigurations = (
				BBE7B0591F66144300CCBF0F /* Debug */,
				BBE7B05A1F66144300CCBF0F /* Release */,
			);
			defaultConfigurationIsVisible = 0;
			defaultConfigurationName = Release;
		};
/* End XCConfigurationList section */
	};
	rootObject = BBE7B0221F66144300CCBF0F /* Project object */;
}
